
Microsoft Visual Studio Solution File, Format Version 12.00
# Visual Studio Version 16
VisualStudioVersion = 16.0.30011.22
MinimumVisualStudioVersion = 10.0.40219.1
Project("{FAE04EC0-301F-11D3-BF4B-00C04F79EFBC}") = "Bayonet_Ticket_Manager", "Bayonet_Ticket_Manager\Bayonet_Ticket_Manager.csproj", "{794DD577-8B4F-4EE5-8017-EC04227AF314}"
EndProject
Global
	GlobalSection(SolutionConfigurationPlatforms) = preSolution
		Debug|Any CPU = Debug|Any CPU
		Release|Any CPU = Release|Any CPU
	EndGlobalSection
	GlobalSection(ProjectConfigurationPlatforms) = postSolution
		{794DD577-8B4F-4EE5-8017-EC04227AF314}.Debug|Any CPU.ActiveCfg = Debug|Any CPU
		{794DD577-8B4F-4EE5-8017-EC04227AF314}.Debug|Any CPU.Build.0 = Debug|Any CPU
		{794DD577-8B4F-4EE5-8017-EC04227AF314}.Release|Any CPU.ActiveCfg = Release|Any CPU
		{794DD577-8B4F-4EE5-8017-EC04227AF314}.Release|Any CPU.Build.0 = Release|Any CPU
	EndGlobalSection
	GlobalSection(SolutionProperties) = preSolution
		HideSolutionNode = FALSE
	EndGlobalSection
	GlobalSection(ExtensibilityGlobals) = postSolution
		SolutionGuid = {0729E666-2324-4233-8A2E-BD7A578F3424}
	EndGlobalSection
EndGlobal
